
Microsoft Visual Studio Solution File, Format Version 12.00
# Visual Studio 15
VisualStudioVersion = 15.0.28307.271
MinimumVisualStudioVersion = 10.0.40219.1
Project("{FAE04EC0-301F-11D3-BF4B-00C04F79EFBC}") = "Lesson22", "Lesson22\Lesson22.csproj", "{9CD43FDB-8D9C-415D-9335-71D61DA8F4B8}"
EndProject
Global
	GlobalSection(SolutionConfigurationPlatforms) = preSolution
		Debug|Any CPU = Debug|Any CPU
		Release|Any CPU = Release|Any CPU
	EndGlobalSection
	GlobalSection(ProjectConfigurationPlatforms) = postSolution
		{9CD43FDB-8D9C-415D-9335-71D61DA8F4B8}.Debug|Any CPU.ActiveCfg = Debug|Any CPU
		{9CD43FDB-8D9C-415D-9335-71D61DA8F4B8}.Debug|Any CPU.Build.0 = Debug|Any CPU
		{9CD43FDB-8D9C-415D-9335-71D61DA8F4B8}.Release|Any CPU.ActiveCfg = Release|Any CPU
		{9CD43FDB-8D9C-415D-9335-71D61DA8F4B8}.Release|Any CPU.Build.0 = Release|Any CPU
	EndGlobalSection
	GlobalSection(SolutionProperties) = preSolution
		HideSolutionNode = FALSE
	EndGlobalSection
	GlobalSection(ExtensibilityGlobals) = postSolution
		SolutionGuid = {7A7402E0-9BF1-4D6E-810A-E900340D9EDE}
	EndGlobalSection
EndGlobal
